
Microsoft Visual Studio Solution File, Format Version 12.00
# Visual Studio Version 17
VisualStudioVersion = 17.0.31903.59
MinimumVisualStudioVersion = 10.0.40219.1
Project("{FAE04EC0-301F-11D3-BF4B-00C04F79EFBC}") = "Claude.AgentSdk", "src\Claude.AgentSdk\Claude.AgentSdk.csproj", "{A1B2C3D4-E5F6-7890-ABCD-EF1234567890}"
EndProject
Project("{FAE04EC0-301F-11D3-BF4B-00C04F79EFBC}") = "Claude.AgentSdk.Tests", "tests\Claude.AgentSdk.Tests\Claude.AgentSdk.Tests.csproj", "{B2C3D4E5-F6A7-8901-BCDE-F12345678901}"
EndProject
Project("{FAE04EC0-301F-11D3-BF4B-00C04F79EFBC}") = "BasicQuery", "examples\BasicQuery\BasicQuery.csproj", "{C3D4E5F6-A7B8-9012-CDEF-012345678902}"
EndProject
Project("{FAE04EC0-301F-11D3-BF4B-00C04F79EFBC}") = "QuickStart", "examples\QuickStart\QuickStart.csproj", "{D4E5F6A7-B8C9-0123-DEF0-123456789012}"
EndProject
Project("{FAE04EC0-301F-11D3-BF4B-00C04F79EFBC}") = "StreamingMode", "examples\StreamingMode\StreamingMode.csproj", "{E5F6A7B8-C9D0-1234-EF01-234567890123}"
EndProject
Project("{FAE04EC0-301F-11D3-BF4B-00C04F79EFBC}") = "SystemPrompt", "examples\SystemPrompt\SystemPrompt.csproj", "{F6A7B8C9-D0E1-2345-F012-345678901234}"
EndProject
Project("{FAE04EC0-301F-11D3-BF4B-00C04F79EFBC}") = "Hooks", "examples\Hooks\Hooks.csproj", "{A7B8C9D0-E1F2-3456-0123-456789012345}"
EndProject
Project("{FAE04EC0-301F-11D3-BF4B-00C04F79EFBC}") = "ToolPermissionCallback", "examples\ToolPermissionCallback\ToolPermissionCallback.csproj", "{B8C9D0E1-F2A3-4567-1234-567890123456}"
EndProject
Project("{FAE04EC0-301F-11D3-BF4B-00C04F79EFBC}") = "Agents", "examples\Agents\Agents.csproj", "{C9D0E1F2-A3B4-5678-2345-678901234567}"
EndProject
Project("{FAE04EC0-301F-11D3-BF4B-00C04F79EFBC}") = "IncludePartialMessages", "examples\IncludePartialMessages\IncludePartialMessages.csproj", "{D0E1F2A3-B4C5-6789-3456-789012345678}"
EndProject
Project("{FAE04EC0-301F-11D3-BF4B-00C04F79EFBC}") = "SettingSources", "examples\SettingSources\SettingSources.csproj", "{E1F2A3B4-C5D6-7890-4567-890123456789}"
EndProject
Project("{FAE04EC0-301F-11D3-BF4B-00C04F79EFBC}") = "StderrCallback", "examples\StderrCallback\StderrCallback.csproj", "{F2A3B4C5-D6E7-8901-5678-901234567890}"
EndProject
Project("{FAE04EC0-301F-11D3-BF4B-00C04F79EFBC}") = "MaxBudget", "examples\MaxBudget\MaxBudget.csproj", "{A3B4C5D6-E7F8-9012-6789-012345678901}"
EndProject
Project("{FAE04EC0-301F-11D3-BF4B-00C04F79EFBC}") = "ToolsOption", "examples\ToolsOption\ToolsOption.csproj", "{B4C5D6E7-F8A9-0123-7890-123456789012}"
EndProject
Project("{2150E333-8FDC-42A3-9474-1A3956D46DE8}") = "examples", "examples", "{B36A84DF-456D-A817-6EDD-3EC3E7F6E11F}"
EndProject
Project("{FAE04EC0-301F-11D3-BF4B-00C04F79EFBC}") = "McpCalculator", "examples\McpCalculator\McpCalculator.csproj", "{9E5C37A0-D5FD-41E7-A753-FECA9C7A68AF}"
EndProject
Project("{2150E333-8FDC-42A3-9474-1A3956D46DE8}") = "src", "src", "{827E0CD3-B72D-47B6-A68D-7590B98EB39B}"
EndProject
Project("{2150E333-8FDC-42A3-9474-1A3956D46DE8}") = "tests", "tests", "{C4D5E6F7-A8B9-0123-4567-890ABCDEF012}"
EndProject
Project("{FAE04EC0-301F-11D3-BF4B-00C04F79EFBC}") = "McpPrompts", "examples\McpPrompts\McpPrompts.csproj", "{AB6B1CD8-1E53-4B3B-B8C6-162D82786799}"
EndProject
Project("{2150E333-8FDC-42A3-9474-1A3956D46DE8}") = "SessionStores", "SessionStores", "{577C963F-409D-0C35-386D-75920075B7A0}"
EndProject
Project("{FAE04EC0-301F-11D3-BF4B-00C04F79EFBC}") = "JsonlPartFileStore", "examples\SessionStores\JsonlPartFileStore\JsonlPartFileStore.csproj", "{CE063D11-2FE0-4305-A76F-A69C6624FF32}"
EndProject
Project("{2150E333-8FDC-42A3-9474-1A3956D46DE8}") = "extensions", "extensions", "{09499393-0251-FC88-284D-312889A601B1}"
EndProject
Project("{FAE04EC0-301F-11D3-BF4B-00C04F79EFBC}") = "SessionStoreUsage", "examples\extensions\SessionStoreUsage\SessionStoreUsage.csproj", "{DFEC6AEF-A236-4D1A-B4EC-0FD726D51FA6}"
EndProject
Project("{FAE04EC0-301F-11D3-BF4B-00C04F79EFBC}") = "SessionResume", "examples\extensions\SessionResume\SessionResume.csproj", "{6A7FEE4B-EF85-4BAA-B216-7ECF43C50355}"
EndProject
Project("{FAE04EC0-301F-11D3-BF4B-00C04F79EFBC}") = "ContextUsage", "examples\extensions\ContextUsage\ContextUsage.csproj", "{7C834417-8A1B-41C1-B75D-7C36FFE1DFCB}"
EndProject
Project("{FAE04EC0-301F-11D3-BF4B-00C04F79EFBC}") = "HookEvents", "examples\extensions\HookEvents\HookEvents.csproj", "{F0F09C30-D961-405C-BD0E-C433D12F037D}"
EndProject
Project("{FAE04EC0-301F-11D3-BF4B-00C04F79EFBC}") = "Claude.AgentSdk.IntegrationTests", "tests\Claude.AgentSdk.IntegrationTests\Claude.AgentSdk.IntegrationTests.csproj", "{5B8AD5D7-45AF-44C3-9341-674ACDC7FAE8}"
EndProject
Project("{FAE04EC0-301F-11D3-BF4B-00C04F79EFBC}") = "Claude.AgentSdk.AotSmoke", "tests\Claude.AgentSdk.AotSmoke\Claude.AgentSdk.AotSmoke.csproj", "{D49C8421-124D-43E7-9DCB-B6888084DFA9}"
EndProject
Project("{FAE04EC0-301F-11D3-BF4B-00C04F79EFBC}") = "Convenience", "examples\Convenience\Convenience.csproj", "{05E10001-CF51-471A-8688-48CEAC2C3B90}"
EndProject
Project("{FAE04EC0-301F-11D3-BF4B-00C04F79EFBC}") = "TestingYourAgent", "examples\TestingYourAgent\TestingYourAgent.csproj", "{065AEB01-8407-4D9F-B60E-E73300AEB6A0}"
EndProject
Global
	GlobalSection(SolutionConfigurationPlatforms) = preSolution
		Debug|Any CPU = Debug|Any CPU
		Debug|x64 = Debug|x64
		Debug|x86 = Debug|x86
		Release|Any CPU = Release|Any CPU
		Release|x64 = Release|x64
		Release|x86 = Release|x86
	EndGlobalSection
	GlobalSection(ProjectConfigurationPlatforms) = postSolution
		{A1B2C3D4-E5F6-7890-ABCD-EF1234567890}.Debug|Any CPU.ActiveCfg = Debug|Any CPU
		{A1B2C3D4-E5F6-7890-ABCD-EF1234567890}.Debug|Any CPU.Build.0 = Debug|Any CPU
		{A1B2C3D4-E5F6-7890-ABCD-EF1234567890}.Debug|x64.ActiveCfg = Debug|Any CPU
		{A1B2C3D4-E5F6-7890-ABCD-EF1234567890}.Debug|x64.Build.0 = Debug|Any CPU
		{A1B2C3D4-E5F6-7890-ABCD-EF1234567890}.Debug|x86.ActiveCfg = Debug|Any CPU
		{A1B2C3D4-E5F6-7890-ABCD-EF1234567890}.Debug|x86.Build.0 = Debug|Any CPU
		{A1B2C3D4-E5F6-7890-ABCD-EF1234567890}.Release|Any CPU.ActiveCfg = Release|Any CPU
		{A1B2C3D4-E5F6-7890-ABCD-EF1234567890}.Release|Any CPU.Build.0 = Release|Any CPU
		{A1B2C3D4-E5F6-7890-ABCD-EF1234567890}.Release|x64.ActiveCfg = Release|Any CPU
		{A1B2C3D4-E5F6-7890-ABCD-EF1234567890}.Release|x64.Build.0 = Release|Any CPU
		{A1B2C3D4-E5F6-7890-ABCD-EF1234567890}.Release|x86.ActiveCfg = Release|Any CPU
		{A1B2C3D4-E5F6-7890-ABCD-EF1234567890}.Release|x86.Build.0 = Release|Any CPU
		{B2C3D4E5-F6A7-8901-BCDE-F12345678901}.Debug|Any CPU.ActiveCfg = Debug|Any CPU
		{B2C3D4E5-F6A7-8901-BCDE-F12345678901}.Debug|Any CPU.Build.0 = Debug|Any CPU
		{B2C3D4E5-F6A7-8901-BCDE-F12345678901}.Debug|x64.ActiveCfg = Debug|Any CPU
		{B2C3D4E5-F6A7-8901-BCDE-F12345678901}.Debug|x64.Build.0 = Debug|Any CPU
		{B2C3D4E5-F6A7-8901-BCDE-F12345678901}.Debug|x86.ActiveCfg = Debug|Any CPU
		{B2C3D4E5-F6A7-8901-BCDE-F12345678901}.Debug|x86.Build.0 = Debug|Any CPU
		{B2C3D4E5-F6A7-8901-BCDE-F12345678901}.Release|Any CPU.ActiveCfg = Release|Any CPU
		{B2C3D4E5-F6A7-8901-BCDE-F12345678901}.Release|Any CPU.Build.0 = Release|Any CPU
		{B2C3D4E5-F6A7-8901-BCDE-F12345678901}.Release|x64.ActiveCfg = Release|Any CPU
		{B2C3D4E5-F6A7-8901-BCDE-F12345678901}.Release|x64.Build.0 = Release|Any CPU
		{B2C3D4E5-F6A7-8901-BCDE-F12345678901}.Release|x86.ActiveCfg = Release|Any CPU
		{B2C3D4E5-F6A7-8901-BCDE-F12345678901}.Release|x86.Build.0 = Release|Any CPU
		{C3D4E5F6-A7B8-9012-CDEF-012345678902}.Debug|Any CPU.ActiveCfg = Debug|Any CPU
		{C3D4E5F6-A7B8-9012-CDEF-012345678902}.Debug|Any CPU.Build.0 = Debug|Any CPU
		{C3D4E5F6-A7B8-9012-CDEF-012345678902}.Debug|x64.ActiveCfg = Debug|Any CPU
		{C3D4E5F6-A7B8-9012-CDEF-012345678902}.Debug|x64.Build.0 = Debug|Any CPU
		{C3D4E5F6-A7B8-9012-CDEF-012345678902}.Debug|x86.ActiveCfg = Debug|Any CPU
		{C3D4E5F6-A7B8-9012-CDEF-012345678902}.Debug|x86.Build.0 = Debug|Any CPU
		{C3D4E5F6-A7B8-9012-CDEF-012345678902}.Release|Any CPU.ActiveCfg = Release|Any CPU
		{C3D4E5F6-A7B8-9012-CDEF-012345678902}.Release|Any CPU.Build.0 = Release|Any CPU
		{C3D4E5F6-A7B8-9012-CDEF-012345678902}.Release|x64.ActiveCfg = Release|Any CPU
		{C3D4E5F6-A7B8-9012-CDEF-012345678902}.Release|x64.Build.0 = Release|Any CPU
		{C3D4E5F6-A7B8-9012-CDEF-012345678902}.Release|x86.ActiveCfg = Release|Any CPU
		{C3D4E5F6-A7B8-9012-CDEF-012345678902}.Release|x86.Build.0 = Release|Any CPU
		{D4E5F6A7-B8C9-0123-DEF0-123456789012}.Debug|Any CPU.ActiveCfg = Debug|Any CPU
		{D4E5F6A7-B8C9-0123-DEF0-123456789012}.Debug|Any CPU.Build.0 = Debug|Any CPU
		{D4E5F6A7-B8C9-0123-DEF0-123456789012}.Debug|x64.ActiveCfg = Debug|Any CPU
		{D4E5F6A7-B8C9-0123-DEF0-123456789012}.Debug|x64.Build.0 = Debug|Any CPU
		{D4E5F6A7-B8C9-0123-DEF0-123456789012}.Debug|x86.ActiveCfg = Debug|Any CPU
		{D4E5F6A7-B8C9-0123-DEF0-123456789012}.Debug|x86.Build.0 = Debug|Any CPU
		{D4E5F6A7-B8C9-0123-DEF0-123456789012}.Release|Any CPU.ActiveCfg = Release|Any CPU
		{D4E5F6A7-B8C9-0123-DEF0-123456789012}.Release|Any CPU.Build.0 = Release|Any CPU
		{D4E5F6A7-B8C9-0123-DEF0-123456789012}.Release|x64.ActiveCfg = Release|Any CPU
		{D4E5F6A7-B8C9-0123-DEF0-123456789012}.Release|x64.Build.0 = Release|Any CPU
		{D4E5F6A7-B8C9-0123-DEF0-123456789012}.Release|x86.ActiveCfg = Release|Any CPU
		{D4E5F6A7-B8C9-0123-DEF0-123456789012}.Release|x86.Build.0 = Release|Any CPU
		{E5F6A7B8-C9D0-1234-EF01-234567890123}.Debug|Any CPU.ActiveCfg = Debug|Any CPU
		{E5F6A7B8-C9D0-1234-EF01-234567890123}.Debug|Any CPU.Build.0 = Debug|Any CPU
		{E5F6A7B8-C9D0-1234-EF01-234567890123}.Debug|x64.ActiveCfg = Debug|Any CPU
		{E5F6A7B8-C9D0-1234-EF01-234567890123}.Debug|x64.Build.0 = Debug|Any CPU
		{E5F6A7B8-C9D0-1234-EF01-234567890123}.Debug|x86.ActiveCfg = Debug|Any CPU
		{E5F6A7B8-C9D0-1234-EF01-234567890123}.Debug|x86.Build.0 = Debug|Any CPU
		{E5F6A7B8-C9D0-1234-EF01-234567890123}.Release|Any CPU.ActiveCfg = Release|Any CPU
		{E5F6A7B8-C9D0-1234-EF01-234567890123}.Release|Any CPU.Build.0 = Release|Any CPU
		{E5F6A7B8-C9D0-1234-EF01-234567890123}.Release|x64.ActiveCfg = Release|Any CPU
		{E5F6A7B8-C9D0-1234-EF01-234567890123}.Release|x64.Build.0 = Release|Any CPU
		{E5F6A7B8-C9D0-1234-EF01-234567890123}.Release|x86.ActiveCfg = Release|Any CPU
		{E5F6A7B8-C9D0-1234-EF01-234567890123}.Release|x86.Build.0 = Release|Any CPU
		{F6A7B8C9-D0E1-2345-F012-345678901234}.Debug|Any CPU.ActiveCfg = Debug|Any CPU
		{F6A7B8C9-D0E1-2345-F012-345678901234}.Debug|Any CPU.Build.0 = Debug|Any CPU
		{F6A7B8C9-D0E1-2345-F012-345678901234}.Debug|x64.ActiveCfg = Debug|Any CPU
		{F6A7B8C9-D0E1-2345-F012-345678901234}.Debug|x64.Build.0 = Debug|Any CPU
		{F6A7B8C9-D0E1-2345-F012-345678901234}.Debug|x86.ActiveCfg = Debug|Any CPU
		{F6A7B8C9-D0E1-2345-F012-345678901234}.Debug|x86.Build.0 = Debug|Any CPU
		{F6A7B8C9-D0E1-2345-F012-345678901234}.Release|Any CPU.ActiveCfg = Release|Any CPU
		{F6A7B8C9-D0E1-2345-F012-345678901234}.Release|Any CPU.Build.0 = Release|Any CPU
		{F6A7B8C9-D0E1-2345-F012-345678901234}.Release|x64.ActiveCfg = Release|Any CPU
		{F6A7B8C9-D0E1-2345-F012-345678901234}.Release|x64.Build.0 = Release|Any CPU
		{F6A7B8C9-D0E1-2345-F012-345678901234}.Release|x86.ActiveCfg = Release|Any CPU
		{F6A7B8C9-D0E1-2345-F012-345678901234}.Release|x86.Build.0 = Release|Any CPU
		{A7B8C9D0-E1F2-3456-0123-456789012345}.Debug|Any CPU.ActiveCfg = Debug|Any CPU
		{A7B8C9D0-E1F2-3456-0123-456789012345}.Debug|Any CPU.Build.0 = Debug|Any CPU
		{A7B8C9D0-E1F2-3456-0123-456789012345}.Debug|x64.ActiveCfg = Debug|Any CPU
		{A7B8C9D0-E1F2-3456-0123-456789012345}.Debug|x64.Build.0 = Debug|Any CPU
		{A7B8C9D0-E1F2-3456-0123-456789012345}.Debug|x86.ActiveCfg = Debug|Any CPU
		{A7B8C9D0-E1F2-3456-0123-456789012345}.Debug|x86.Build.0 = Debug|Any CPU
		{A7B8C9D0-E1F2-3456-0123-456789012345}.Release|Any CPU.ActiveCfg = Release|Any CPU
		{A7B8C9D0-E1F2-3456-0123-456789012345}.Release|Any CPU.Build.0 = Release|Any CPU
		{A7B8C9D0-E1F2-3456-0123-456789012345}.Release|x64.ActiveCfg = Release|Any CPU
		{A7B8C9D0-E1F2-3456-0123-456789012345}.Release|x64.Build.0 = Release|Any CPU
		{A7B8C9D0-E1F2-3456-0123-456789012345}.Release|x86.ActiveCfg = Release|Any CPU
		{A7B8C9D0-E1F2-3456-0123-456789012345}.Release|x86.Build.0 = Release|Any CPU
		{B8C9D0E1-F2A3-4567-1234-567890123456}.Debug|Any CPU.ActiveCfg = Debug|Any CPU
		{B8C9D0E1-F2A3-4567-1234-567890123456}.Debug|Any CPU.Build.0 = Debug|Any CPU
		{B8C9D0E1-F2A3-4567-1234-567890123456}.Debug|x64.ActiveCfg = Debug|Any CPU
		{B8C9D0E1-F2A3-4567-1234-567890123456}.Debug|x64.Build.0 = Debug|Any CPU
		{B8C9D0E1-F2A3-4567-1234-567890123456}.Debug|x86.ActiveCfg = Debug|Any CPU
		{B8C9D0E1-F2A3-4567-1234-567890123456}.Debug|x86.Build.0 = Debug|Any CPU
		{B8C9D0E1-F2A3-4567-1234-567890123456}.Release|Any CPU.ActiveCfg = Release|Any CPU
		{B8C9D0E1-F2A3-4567-1234-567890123456}.Release|Any CPU.Build.0 = Release|Any CPU
		{B8C9D0E1-F2A3-4567-1234-567890123456}.Release|x64.ActiveCfg = Release|Any CPU
		{B8C9D0E1-F2A3-4567-1234-567890123456}.Release|x64.Build.0 = Release|Any CPU
		{B8C9D0E1-F2A3-4567-1234-567890123456}.Release|x86.ActiveCfg = Release|Any CPU
		{B8C9D0E1-F2A3-4567-1234-567890123456}.Release|x86.Build.0 = Release|Any CPU
		{C9D0E1F2-A3B4-5678-2345-678901234567}.Debug|Any CPU.ActiveCfg = Debug|Any CPU
		{C9D0E1F2-A3B4-5678-2345-678901234567}.Debug|Any CPU.Build.0 = Debug|Any CPU
		{C9D0E1F2-A3B4-5678-2345-678901234567}.Debug|x64.ActiveCfg = Debug|Any CPU
		{C9D0E1F2-A3B4-5678-2345-678901234567}.Debug|x64.Build.0 = Debug|Any CPU
		{C9D0E1F2-A3B4-5678-2345-678901234567}.Debug|x86.ActiveCfg = Debug|Any CPU
		{C9D0E1F2-A3B4-5678-2345-678901234567}.Debug|x86.Build.0 = Debug|Any CPU
		{C9D0E1F2-A3B4-5678-2345-678901234567}.Release|Any CPU.ActiveCfg = Release|Any CPU
		{C9D0E1F2-A3B4-5678-2345-678901234567}.Release|Any CPU.Build.0 = Release|Any CPU
		{C9D0E1F2-A3B4-5678-2345-678901234567}.Release|x64.ActiveCfg = Release|Any CPU
		{C9D0E1F2-A3B4-5678-2345-678901234567}.Release|x64.Build.0 = Release|Any CPU
		{C9D0E1F2-A3B4-5678-2345-678901234567}.Release|x86.ActiveCfg = Release|Any CPU
		{C9D0E1F2-A3B4-5678-2345-678901234567}.Release|x86.Build.0 = Release|Any CPU
		{D0E1F2A3-B4C5-6789-3456-789012345678}.Debug|Any CPU.ActiveCfg = Debug|Any CPU
		{D0E1F2A3-B4C5-6789-3456-789012345678}.Debug|Any CPU.Build.0 = Debug|Any CPU
		{D0E1F2A3-B4C5-6789-3456-789012345678}.Debug|x64.ActiveCfg = Debug|Any CPU
		{D0E1F2A3-B4C5-6789-3456-789012345678}.Debug|x64.Build.0 = Debug|Any CPU
		{D0E1F2A3-B4C5-6789-3456-789012345678}.Debug|x86.ActiveCfg = Debug|Any CPU
		{D0E1F2A3-B4C5-6789-3456-789012345678}.Debug|x86.Build.0 = Debug|Any CPU
		{D0E1F2A3-B4C5-6789-3456-789012345678}.Release|Any CPU.ActiveCfg = Release|Any CPU
		{D0E1F2A3-B4C5-6789-3456-789012345678}.Release|Any CPU.Build.0 = Release|Any CPU
		{D0E1F2A3-B4C5-6789-3456-789012345678}.Release|x64.ActiveCfg = Release|Any CPU
		{D0E1F2A3-B4C5-6789-3456-789012345678}.Release|x64.Build.0 = Release|Any CPU
		{D0E1F2A3-B4C5-6789-3456-789012345678}.Release|x86.ActiveCfg = Release|Any CPU
		{D0E1F2A3-B4C5-6789-3456-789012345678}.Release|x86.Build.0 = Release|Any CPU
		{E1F2A3B4-C5D6-7890-4567-890123456789}.Debug|Any CPU.ActiveCfg = Debug|Any CPU
		{E1F2A3B4-C5D6-7890-4567-890123456789}.Debug|Any CPU.Build.0 = Debug|Any CPU
		{E1F2A3B4-C5D6-7890-4567-890123456789}.Debug|x64.ActiveCfg = Debug|Any CPU
		{E1F2A3B4-C5D6-7890-4567-890123456789}.Debug|x64.Build.0 = Debug|Any CPU
		{E1F2A3B4-C5D6-7890-4567-890123456789}.Debug|x86.ActiveCfg = Debug|Any CPU
		{E1F2A3B4-C5D6-7890-4567-890123456789}.Debug|x86.Build.0 = Debug|Any CPU
		{E1F2A3B4-C5D6-7890-4567-890123456789}.Release|Any CPU.ActiveCfg = Release|Any CPU
		{E1F2A3B4-C5D6-7890-4567-890123456789}.Release|Any CPU.Build.0 = Release|Any CPU
		{E1F2A3B4-C5D6-7890-4567-890123456789}.Release|x64.ActiveCfg = Release|Any CPU
		{E1F2A3B4-C5D6-7890-4567-890123456789}.Release|x64.Build.0 = Release|Any CPU
		{E1F2A3B4-C5D6-7890-4567-890123456789}.Release|x86.ActiveCfg = Release|Any CPU
		{E1F2A3B4-C5D6-7890-4567-890123456789}.Release|x86.Build.0 = Release|Any CPU
		{F2A3B4C5-D6E7-8901-5678-901234567890}.Debug|Any CPU.ActiveCfg = Debug|Any CPU
		{F2A3B4C5-D6E7-8901-5678-901234567890}.Debug|Any CPU.Build.0 = Debug|Any CPU
		{F2A3B4C5-D6E7-8901-5678-901234567890}.Debug|x64.ActiveCfg = Debug|Any CPU
		{F2A3B4C5-D6E7-8901-5678-901234567890}.Debug|x64.Build.0 = Debug|Any CPU
		{F2A3B4C5-D6E7-8901-5678-901234567890}.Debug|x86.ActiveCfg = Debug|Any CPU
		{F2A3B4C5-D6E7-8901-5678-901234567890}.Debug|x86.Build.0 = Debug|Any CPU
		{F2A3B4C5-D6E7-8901-5678-901234567890}.Release|Any CPU.ActiveCfg = Release|Any CPU
		{F2A3B4C5-D6E7-8901-5678-901234567890}.Release|Any CPU.Build.0 = Release|Any CPU
		{F2A3B4C5-D6E7-8901-5678-901234567890}.Release|x64.ActiveCfg = Release|Any CPU
		{F2A3B4C5-D6E7-8901-5678-901234567890}.Release|x64.Build.0 = Release|Any CPU
		{F2A3B4C5-D6E7-8901-5678-901234567890}.Release|x86.ActiveCfg = Release|Any CPU
		{F2A3B4C5-D6E7-8901-5678-901234567890}.Release|x86.Build.0 = Release|Any CPU
		{A3B4C5D6-E7F8-9012-6789-012345678901}.Debug|Any CPU.ActiveCfg = Debug|Any CPU
		{A3B4C5D6-E7F8-9012-6789-012345678901}.Debug|Any CPU.Build.0 = Debug|Any CPU
		{A3B4C5D6-E7F8-9012-6789-012345678901}.Debug|x64.ActiveCfg = Debug|Any CPU
		{A3B4C5D6-E7F8-9012-6789-012345678901}.Debug|x64.Build.0 = Debug|Any CPU
		{A3B4C5D6-E7F8-9012-6789-012345678901}.Debug|x86.ActiveCfg = Debug|Any CPU
		{A3B4C5D6-E7F8-9012-6789-012345678901}.Debug|x86.Build.0 = Debug|Any CPU
		{A3B4C5D6-E7F8-9012-6789-012345678901}.Release|Any CPU.ActiveCfg = Release|Any CPU
		{A3B4C5D6-E7F8-9012-6789-012345678901}.Release|Any CPU.Build.0 = Release|Any CPU
		{A3B4C5D6-E7F8-9012-6789-012345678901}.Release|x64.ActiveCfg = Release|Any CPU
		{A3B4C5D6-E7F8-9012-6789-012345678901}.Release|x64.Build.0 = Release|Any CPU
		{A3B4C5D6-E7F8-9012-6789-012345678901}.Release|x86.ActiveCfg = Release|Any CPU
		{A3B4C5D6-E7F8-9012-6789-012345678901}.Release|x86.Build.0 = Release|Any CPU
		{B4C5D6E7-F8A9-0123-7890-123456789012}.Debug|Any CPU.ActiveCfg = Debug|Any CPU
		{B4C5D6E7-F8A9-0123-7890-123456789012}.Debug|Any CPU.Build.0 = Debug|Any CPU
		{B4C5D6E7-F8A9-0123-7890-123456789012}.Debug|x64.ActiveCfg = Debug|Any CPU
		{B4C5D6E7-F8A9-0123-7890-123456789012}.Debug|x64.Build.0 = Debug|Any CPU
		{B4C5D6E7-F8A9-0123-7890-123456789012}.Debug|x86.ActiveCfg = Debug|Any CPU
		{B4C5D6E7-F8A9-0123-7890-123456789012}.Debug|x86.Build.0 = Debug|Any CPU
		{B4C5D6E7-F8A9-0123-7890-123456789012}.Release|Any CPU.ActiveCfg = Release|Any CPU
		{B4C5D6E7-F8A9-0123-7890-123456789012}.Release|Any CPU.Build.0 = Release|Any CPU
		{B4C5D6E7-F8A9-0123-7890-123456789012}.Release|x64.ActiveCfg = Release|Any CPU
		{B4C5D6E7-F8A9-0123-7890-123456789012}.Release|x64.Build.0 = Release|Any CPU
		{B4C5D6E7-F8A9-0123-7890-123456789012}.Release|x86.ActiveCfg = Release|Any CPU
		{B4C5D6E7-F8A9-0123-7890-123456789012}.Release|x86.Build.0 = Release|Any CPU
		{9E5C37A0-D5FD-41E7-A753-FECA9C7A68AF}.Debug|Any CPU.ActiveCfg = Debug|Any CPU
		{9E5C37A0-D5FD-41E7-A753-FECA9C7A68AF}.Debug|Any CPU.Build.0 = Debug|Any CPU
		{9E5C37A0-D5FD-41E7-A753-FECA9C7A68AF}.Debug|x64.ActiveCfg = Debug|Any CPU
		{9E5C37A0-D5FD-41E7-A753-FECA9C7A68AF}.Debug|x64.Build.0 = Debug|Any CPU
		{9E5C37A0-D5FD-41E7-A753-FECA9C7A68AF}.Debug|x86.ActiveCfg = Debug|Any CPU
		{9E5C37A0-D5FD-41E7-A753-FECA9C7A68AF}.Debug|x86.Build.0 = Debug|Any CPU
		{9E5C37A0-D5FD-41E7-A753-FECA9C7A68AF}.Release|Any CPU.ActiveCfg = Release|Any CPU
		{9E5C37A0-D5FD-41E7-A753-FECA9C7A68AF}.Release|Any CPU.Build.0 = Release|Any CPU
		{9E5C37A0-D5FD-41E7-A753-FECA9C7A68AF}.Release|x64.ActiveCfg = Release|Any CPU
		{9E5C37A0-D5FD-41E7-A753-FECA9C7A68AF}.Release|x64.Build.0 = Release|Any CPU
		{9E5C37A0-D5FD-41E7-A753-FECA9C7A68AF}.Release|x86.ActiveCfg = Release|Any CPU
		{9E5C37A0-D5FD-41E7-A753-FECA9C7A68AF}.Release|x86.Build.0 = Release|Any CPU
		{AB6B1CD8-1E53-4B3B-B8C6-162D82786799}.Debug|Any CPU.ActiveCfg = Debug|Any CPU
		{AB6B1CD8-1E53-4B3B-B8C6-162D82786799}.Debug|Any CPU.Build.0 = Debug|Any CPU
		{AB6B1CD8-1E53-4B3B-B8C6-162D82786799}.Debug|x64.ActiveCfg = Debug|Any CPU
		{AB6B1CD8-1E53-4B3B-B8C6-162D82786799}.Debug|x64.Build.0 = Debug|Any CPU
		{AB6B1CD8-1E53-4B3B-B8C6-162D82786799}.Debug|x86.ActiveCfg = Debug|Any CPU
		{AB6B1CD8-1E53-4B3B-B8C6-162D82786799}.Debug|x86.Build.0 = Debug|Any CPU
		{AB6B1CD8-1E53-4B3B-B8C6-162D82786799}.Release|Any CPU.ActiveCfg = Release|Any CPU
		{AB6B1CD8-1E53-4B3B-B8C6-162D82786799}.Release|Any CPU.Build.0 = Release|Any CPU
		{AB6B1CD8-1E53-4B3B-B8C6-162D82786799}.Release|x64.ActiveCfg = Release|Any CPU
		{AB6B1CD8-1E53-4B3B-B8C6-162D82786799}.Release|x64.Build.0 = Release|Any CPU
		{AB6B1CD8-1E53-4B3B-B8C6-162D82786799}.Release|x86.ActiveCfg = Release|Any CPU
		{AB6B1CD8-1E53-4B3B-B8C6-162D82786799}.Release|x86.Build.0 = Release|Any CPU
		{CE063D11-2FE0-4305-A76F-A69C6624FF32}.Debug|Any CPU.ActiveCfg = Debug|Any CPU
		{CE063D11-2FE0-4305-A76F-A69C6624FF32}.Debug|Any CPU.Build.0 = Debug|Any CPU
		{CE063D11-2FE0-4305-A76F-A69C6624FF32}.Debug|x64.ActiveCfg = Debug|Any CPU
		{CE063D11-2FE0-4305-A76F-A69C6624FF32}.Debug|x64.Build.0 = Debug|Any CPU
		{CE063D11-2FE0-4305-A76F-A69C6624FF32}.Debug|x86.ActiveCfg = Debug|Any CPU
		{CE063D11-2FE0-4305-A76F-A69C6624FF32}.Debug|x86.Build.0 = Debug|Any CPU
		{CE063D11-2FE0-4305-A76F-A69C6624FF32}.Release|Any CPU.ActiveCfg = Release|Any CPU
		{CE063D11-2FE0-4305-A76F-A69C6624FF32}.Release|Any CPU.Build.0 = Release|Any CPU
		{CE063D11-2FE0-4305-A76F-A69C6624FF32}.Release|x64.ActiveCfg = Release|Any CPU
		{CE063D11-2FE0-4305-A76F-A69C6624FF32}.Release|x64.Build.0 = Release|Any CPU
		{CE063D11-2FE0-4305-A76F-A69C6624FF32}.Release|x86.ActiveCfg = Release|Any CPU
		{CE063D11-2FE0-4305-A76F-A69C6624FF32}.Release|x86.Build.0 = Release|Any CPU
		{DFEC6AEF-A236-4D1A-B4EC-0FD726D51FA6}.Debug|Any CPU.ActiveCfg = Debug|Any CPU
		{DFEC6AEF-A236-4D1A-B4EC-0FD726D51FA6}.Debug|Any CPU.Build.0 = Debug|Any CPU
		{DFEC6AEF-A236-4D1A-B4EC-0FD726D51FA6}.Debug|x64.ActiveCfg = Debug|Any CPU
		{DFEC6AEF-A236-4D1A-B4EC-0FD726D51FA6}.Debug|x64.Build.0 = Debug|Any CPU
		{DFEC6AEF-A236-4D1A-B4EC-0FD726D51FA6}.Debug|x86.ActiveCfg = Debug|Any CPU
		{DFEC6AEF-A236-4D1A-B4EC-0FD726D51FA6}.Debug|x86.Build.0 = Debug|Any CPU
		{DFEC6AEF-A236-4D1A-B4EC-0FD726D51FA6}.Release|Any CPU.ActiveCfg = Release|Any CPU
		{DFEC6AEF-A236-4D1A-B4EC-0FD726D51FA6}.Release|Any CPU.Build.0 = Release|Any CPU
		{DFEC6AEF-A236-4D1A-B4EC-0FD726D51FA6}.Release|x64.ActiveCfg = Release|Any CPU
		{DFEC6AEF-A236-4D1A-B4EC-0FD726D51FA6}.Release|x64.Build.0 = Release|Any CPU
		{DFEC6AEF-A236-4D1A-B4EC-0FD726D51FA6}.Release|x86.ActiveCfg = Release|Any CPU
		{DFEC6AEF-A236-4D1A-B4EC-0FD726D51FA6}.Release|x86.Build.0 = Release|Any CPU
		{6A7FEE4B-EF85-4BAA-B216-7ECF43C50355}.Debug|Any CPU.ActiveCfg = Debug|Any CPU
		{6A7FEE4B-EF85-4BAA-B216-7ECF43C50355}.Debug|Any CPU.Build.0 = Debug|Any CPU
		{6A7FEE4B-EF85-4BAA-B216-7ECF43C50355}.Debug|x64.ActiveCfg = Debug|Any CPU
		{6A7FEE4B-EF85-4BAA-B216-7ECF43C50355}.Debug|x64.Build.0 = Debug|Any CPU
		{6A7FEE4B-EF85-4BAA-B216-7ECF43C50355}.Debug|x86.ActiveCfg = Debug|Any CPU
		{6A7FEE4B-EF85-4BAA-B216-7ECF43C50355}.Debug|x86.Build.0 = Debug|Any CPU
		{6A7FEE4B-EF85-4BAA-B216-7ECF43C50355}.Release|Any CPU.ActiveCfg = Release|Any CPU
		{6A7FEE4B-EF85-4BAA-B216-7ECF43C50355}.Release|Any CPU.Build.0 = Release|Any CPU
		{6A7FEE4B-EF85-4BAA-B216-7ECF43C50355}.Release|x64.ActiveCfg = Release|Any CPU
		{6A7FEE4B-EF85-4BAA-B216-7ECF43C50355}.Release|x64.Build.0 = Release|Any CPU
		{6A7FEE4B-EF85-4BAA-B216-7ECF43C50355}.Release|x86.ActiveCfg = Release|Any CPU
		{6A7FEE4B-EF85-4BAA-B216-7ECF43C50355}.Release|x86.Build.0 = Release|Any CPU
		{7C834417-8A1B-41C1-B75D-7C36FFE1DFCB}.Debug|Any CPU.ActiveCfg = Debug|Any CPU
		{7C834417-8A1B-41C1-B75D-7C36FFE1DFCB}.Debug|Any CPU.Build.0 = Debug|Any CPU
		{7C834417-8A1B-41C1-B75D-7C36FFE1DFCB}.Debug|x64.ActiveCfg = Debug|Any CPU
		{7C834417-8A1B-41C1-B75D-7C36FFE1DFCB}.Debug|x64.Build.0 = Debug|Any CPU
		{7C834417-8A1B-41C1-B75D-7C36FFE1DFCB}.Debug|x86.ActiveCfg = Debug|Any CPU
		{7C834417-8A1B-41C1-B75D-7C36FFE1DFCB}.Debug|x86.Build.0 = Debug|Any CPU
		{7C834417-8A1B-41C1-B75D-7C36FFE1DFCB}.Release|Any CPU.ActiveCfg = Release|Any CPU
		{7C834417-8A1B-41C1-B75D-7C36FFE1DFCB}.Release|Any CPU.Build.0 = Release|Any CPU
		{7C834417-8A1B-41C1-B75D-7C36FFE1DFCB}.Release|x64.ActiveCfg = Release|Any CPU
		{7C834417-8A1B-41C1-B75D-7C36FFE1DFCB}.Release|x64.Build.0 = Release|Any CPU
		{7C834417-8A1B-41C1-B75D-7C36FFE1DFCB}.Release|x86.ActiveCfg = Release|Any CPU
		{7C834417-8A1B-41C1-B75D-7C36FFE1DFCB}.Release|x86.Build.0 = Release|Any CPU
		{F0F09C30-D961-405C-BD0E-C433D12F037D}.Debug|Any CPU.ActiveCfg = Debug|Any CPU
		{F0F09C30-D961-405C-BD0E-C433D12F037D}.Debug|Any CPU.Build.0 = Debug|Any CPU
		{F0F09C30-D961-405C-BD0E-C433D12F037D}.Debug|x64.ActiveCfg = Debug|Any CPU
		{F0F09C30-D961-405C-BD0E-C433D12F037D}.Debug|x64.Build.0 = Debug|Any CPU
		{F0F09C30-D961-405C-BD0E-C433D12F037D}.Debug|x86.ActiveCfg = Debug|Any CPU
		{F0F09C30-D961-405C-BD0E-C433D12F037D}.Debug|x86.Build.0 = Debug|Any CPU
		{F0F09C30-D961-405C-BD0E-C433D12F037D}.Release|Any CPU.ActiveCfg = Release|Any CPU
		{F0F09C30-D961-405C-BD0E-C433D12F037D}.Release|Any CPU.Build.0 = Release|Any CPU
		{F0F09C30-D961-405C-BD0E-C433D12F037D}.Release|x64.ActiveCfg = Release|Any CPU
		{F0F09C30-D961-405C-BD0E-C433D12F037D}.Release|x64.Build.0 = Release|Any CPU
		{F0F09C30-D961-405C-BD0E-C433D12F037D}.Release|x86.ActiveCfg = Release|Any CPU
		{F0F09C30-D961-405C-BD0E-C433D12F037D}.Release|x86.Build.0 = Release|Any CPU
		{5B8AD5D7-45AF-44C3-9341-674ACDC7FAE8}.Debug|Any CPU.ActiveCfg = Debug|Any CPU
		{5B8AD5D7-45AF-44C3-9341-674ACDC7FAE8}.Debug|Any CPU.Build.0 = Debug|Any CPU
		{5B8AD5D7-45AF-44C3-9341-674ACDC7FAE8}.Debug|x64.ActiveCfg = Debug|Any CPU
		{5B8AD5D7-45AF-44C3-9341-674ACDC7FAE8}.Debug|x64.Build.0 = Debug|Any CPU
		{5B8AD5D7-45AF-44C3-9341-674ACDC7FAE8}.Debug|x86.ActiveCfg = Debug|Any CPU
		{5B8AD5D7-45AF-44C3-9341-674ACDC7FAE8}.Debug|x86.Build.0 = Debug|Any CPU
		{5B8AD5D7-45AF-44C3-9341-674ACDC7FAE8}.Release|Any CPU.ActiveCfg = Release|Any CPU
		{5B8AD5D7-45AF-44C3-9341-674ACDC7FAE8}.Release|Any CPU.Build.0 = Release|Any CPU
		{5B8AD5D7-45AF-44C3-9341-674ACDC7FAE8}.Release|x64.ActiveCfg = Release|Any CPU
		{5B8AD5D7-45AF-44C3-9341-674ACDC7FAE8}.Release|x64.Build.0 = Release|Any CPU
		{5B8AD5D7-45AF-44C3-9341-674ACDC7FAE8}.Release|x86.ActiveCfg = Release|Any CPU
		{5B8AD5D7-45AF-44C3-9341-674ACDC7FAE8}.Release|x86.Build.0 = Release|Any CPU
		{D49C8421-124D-43E7-9DCB-B6888084DFA9}.Debug|Any CPU.ActiveCfg = Debug|Any CPU
		{D49C8421-124D-43E7-9DCB-B6888084DFA9}.Debug|Any CPU.Build.0 = Debug|Any CPU
		{D49C8421-124D-43E7-9DCB-B6888084DFA9}.Debug|x64.ActiveCfg = Debug|Any CPU
		{D49C8421-124D-43E7-9DCB-B6888084DFA9}.Debug|x64.Build.0 = Debug|Any CPU
		{D49C8421-124D-43E7-9DCB-B6888084DFA9}.Debug|x86.ActiveCfg = Debug|Any CPU
		{D49C8421-124D-43E7-9DCB-B6888084DFA9}.Debug|x86.Build.0 = Debug|Any CPU
		{D49C8421-124D-43E7-9DCB-B6888084DFA9}.Release|Any CPU.ActiveCfg = Release|Any CPU
		{D49C8421-124D-43E7-9DCB-B6888084DFA9}.Release|Any CPU.Build.0 = Release|Any CPU
		{D49C8421-124D-43E7-9DCB-B6888084DFA9}.Release|x64.ActiveCfg = Release|Any CPU
		{D49C8421-124D-43E7-9DCB-B6888084DFA9}.Release|x64.Build.0 = Release|Any CPU
		{D49C8421-124D-43E7-9DCB-B6888084DFA9}.Release|x86.ActiveCfg = Release|Any CPU
		{D49C8421-124D-43E7-9DCB-B6888084DFA9}.Release|x86.Build.0 = Release|Any CPU
		{05E10001-CF51-471A-8688-48CEAC2C3B90}.Debug|Any CPU.ActiveCfg = Debug|Any CPU
		{05E10001-CF51-471A-8688-48CEAC2C3B90}.Debug|Any CPU.Build.0 = Debug|Any CPU
		{05E10001-CF51-471A-8688-48CEAC2C3B90}.Debug|x64.ActiveCfg = Debug|Any CPU
		{05E10001-CF51-471A-8688-48CEAC2C3B90}.Debug|x64.Build.0 = Debug|Any CPU
		{05E10001-CF51-471A-8688-48CEAC2C3B90}.Debug|x86.ActiveCfg = Debug|Any CPU
		{05E10001-CF51-471A-8688-48CEAC2C3B90}.Debug|x86.Build.0 = Debug|Any CPU
		{05E10001-CF51-471A-8688-48CEAC2C3B90}.Release|Any CPU.ActiveCfg = Release|Any CPU
		{05E10001-CF51-471A-8688-48CEAC2C3B90}.Release|Any CPU.Build.0 = Release|Any CPU
		{05E10001-CF51-471A-8688-48CEAC2C3B90}.Release|x64.ActiveCfg = Release|Any CPU
		{05E10001-CF51-471A-8688-48CEAC2C3B90}.Release|x64.Build.0 = Release|Any CPU
		{05E10001-CF51-471A-8688-48CEAC2C3B90}.Release|x86.ActiveCfg = Release|Any CPU
		{05E10001-CF51-471A-8688-48CEAC2C3B90}.Release|x86.Build.0 = Release|Any CPU
		{065AEB01-8407-4D9F-B60E-E73300AEB6A0}.Debug|Any CPU.ActiveCfg = Debug|Any CPU
		{065AEB01-8407-4D9F-B60E-E73300AEB6A0}.Debug|Any CPU.Build.0 = Debug|Any CPU
		{065AEB01-8407-4D9F-B60E-E73300AEB6A0}.Debug|x64.ActiveCfg = Debug|Any CPU
		{065AEB01-8407-4D9F-B60E-E73300AEB6A0}.Debug|x64.Build.0 = Debug|Any CPU
		{065AEB01-8407-4D9F-B60E-E73300AEB6A0}.Debug|x86.ActiveCfg = Debug|Any CPU
		{065AEB01-8407-4D9F-B60E-E73300AEB6A0}.Debug|x86.Build.0 = Debug|Any CPU
		{065AEB01-8407-4D9F-B60E-E73300AEB6A0}.Release|Any CPU.ActiveCfg = Release|Any CPU
		{065AEB01-8407-4D9F-B60E-E73300AEB6A0}.Release|Any CPU.Build.0 = Release|Any CPU
		{065AEB01-8407-4D9F-B60E-E73300AEB6A0}.Release|x64.ActiveCfg = Release|Any CPU
		{065AEB01-8407-4D9F-B60E-E73300AEB6A0}.Release|x64.Build.0 = Release|Any CPU
		{065AEB01-8407-4D9F-B60E-E73300AEB6A0}.Release|x86.ActiveCfg = Release|Any CPU
		{065AEB01-8407-4D9F-B60E-E73300AEB6A0}.Release|x86.Build.0 = Release|Any CPU
	EndGlobalSection
	GlobalSection(SolutionProperties) = preSolution
		HideSolutionNode = FALSE
	EndGlobalSection
	GlobalSection(NestedProjects) = preSolution
		{A1B2C3D4-E5F6-7890-ABCD-EF1234567890} = {827E0CD3-B72D-47B6-A68D-7590B98EB39B}
		{B2C3D4E5-F6A7-8901-BCDE-F12345678901} = {C4D5E6F7-A8B9-0123-4567-890ABCDEF012}
		{C3D4E5F6-A7B8-9012-CDEF-012345678902} = {B36A84DF-456D-A817-6EDD-3EC3E7F6E11F}
		{D4E5F6A7-B8C9-0123-DEF0-123456789012} = {B36A84DF-456D-A817-6EDD-3EC3E7F6E11F}
		{E5F6A7B8-C9D0-1234-EF01-234567890123} = {B36A84DF-456D-A817-6EDD-3EC3E7F6E11F}
		{F6A7B8C9-D0E1-2345-F012-345678901234} = {B36A84DF-456D-A817-6EDD-3EC3E7F6E11F}
		{A7B8C9D0-E1F2-3456-0123-456789012345} = {B36A84DF-456D-A817-6EDD-3EC3E7F6E11F}
		{B8C9D0E1-F2A3-4567-1234-567890123456} = {B36A84DF-456D-A817-6EDD-3EC3E7F6E11F}
		{C9D0E1F2-A3B4-5678-2345-678901234567} = {B36A84DF-456D-A817-6EDD-3EC3E7F6E11F}
		{D0E1F2A3-B4C5-6789-3456-789012345678} = {B36A84DF-456D-A817-6EDD-3EC3E7F6E11F}
		{E1F2A3B4-C5D6-7890-4567-890123456789} = {B36A84DF-456D-A817-6EDD-3EC3E7F6E11F}
		{F2A3B4C5-D6E7-8901-5678-901234567890} = {B36A84DF-456D-A817-6EDD-3EC3E7F6E11F}
		{A3B4C5D6-E7F8-9012-6789-012345678901} = {B36A84DF-456D-A817-6EDD-3EC3E7F6E11F}
		{B4C5D6E7-F8A9-0123-7890-123456789012} = {B36A84DF-456D-A817-6EDD-3EC3E7F6E11F}
		{9E5C37A0-D5FD-41E7-A753-FECA9C7A68AF} = {B36A84DF-456D-A817-6EDD-3EC3E7F6E11F}
		{AB6B1CD8-1E53-4B3B-B8C6-162D82786799} = {B36A84DF-456D-A817-6EDD-3EC3E7F6E11F}
		{577C963F-409D-0C35-386D-75920075B7A0} = {B36A84DF-456D-A817-6EDD-3EC3E7F6E11F}
		{CE063D11-2FE0-4305-A76F-A69C6624FF32} = {577C963F-409D-0C35-386D-75920075B7A0}
		{09499393-0251-FC88-284D-312889A601B1} = {B36A84DF-456D-A817-6EDD-3EC3E7F6E11F}
		{DFEC6AEF-A236-4D1A-B4EC-0FD726D51FA6} = {09499393-0251-FC88-284D-312889A601B1}
		{6A7FEE4B-EF85-4BAA-B216-7ECF43C50355} = {09499393-0251-FC88-284D-312889A601B1}
		{7C834417-8A1B-41C1-B75D-7C36FFE1DFCB} = {09499393-0251-FC88-284D-312889A601B1}
		{F0F09C30-D961-405C-BD0E-C433D12F037D} = {09499393-0251-FC88-284D-312889A601B1}
		{5B8AD5D7-45AF-44C3-9341-674ACDC7FAE8} = {C4D5E6F7-A8B9-0123-4567-890ABCDEF012}
		{D49C8421-124D-43E7-9DCB-B6888084DFA9} = {C4D5E6F7-A8B9-0123-4567-890ABCDEF012}
		{05E10001-CF51-471A-8688-48CEAC2C3B90} = {B36A84DF-456D-A817-6EDD-3EC3E7F6E11F}
		{065AEB01-8407-4D9F-B60E-E73300AEB6A0} = {B36A84DF-456D-A817-6EDD-3EC3E7F6E11F}
	EndGlobalSection
EndGlobal
